
Microsoft Visual Studio Solution File, Format Version 12.00
# Visual Studio Version 17
VisualStudioVersion = 17.4.33122.133
MinimumVisualStudioVersion = 10.0.40219.1
Project("{FAE04EC0-301F-11D3-BF4B-00C04F79EFBC}") = "QuinielaBackend", "QuinielaBackend\QuinielaBackend.csproj", "{83DBC627-8FB9-4979-8302-7C39C5B22D9D}"
EndProject
Global
	GlobalSection(SolutionConfigurationPlatforms) = preSolution
		Debug|Any CPU = Debug|Any CPU
		Release|Any CPU = Release|Any CPU
	EndGlobalSection
	GlobalSection(ProjectConfigurationPlatforms) = postSolution
		{83DBC627-8FB9-4979-8302-7C39C5B22D9D}.Debug|Any CPU.ActiveCfg = Debug|Any CPU
		{83DBC627-8FB9-4979-8302-7C39C5B22D9D}.Debug|Any CPU.Build.0 = Debug|Any CPU
		{83DBC627-8FB9-4979-8302-7C39C5B22D9D}.Release|Any CPU.ActiveCfg = Release|Any CPU
		{83DBC627-8FB9-4979-8302-7C39C5B22D9D}.Release|Any CPU.Build.0 = Release|Any CPU
	EndGlobalSection
	GlobalSection(SolutionProperties) = preSolution
		HideSolutionNode = FALSE
	EndGlobalSection
	GlobalSection(ExtensibilityGlobals) = postSolution
		SolutionGuid = {E776A525-8F72-451B-9116-A2A6D9F3C81E}
	EndGlobalSection
EndGlobal
